
Microsoft Visual Studio Solution File, Format Version 12.00
# Visual Studio 15
VisualStudioVersion = 15.0.26228.9
MinimumVisualStudioVersion = 10.0.40219.1
Project("{FAE04EC0-301F-11D3-BF4B-00C04F79EFBC}") = "WebAPITut", "WebAPITut\WebAPITut.csproj", "{263085C2-3B90-4A4D-8F54-1F4641EA4641}"
EndProject
Project("{FAE04EC0-301F-11D3-BF4B-00C04F79EFBC}") = "WebAPI.DLL", "WebAPI.DLL\WebAPI.DLL.csproj", "{D52A8906-D151-43E7-8011-63A868E48794}"
EndProject
Global
	GlobalSection(SolutionConfigurationPlatforms) = preSolution
		Debug|Any CPU = Debug|Any CPU
		Release|Any CPU = Release|Any CPU
	EndGlobalSection
	GlobalSection(ProjectConfigurationPlatforms) = postSolution
		{263085C2-3B90-4A4D-8F54-1F4641EA4641}.Debug|Any CPU.ActiveCfg = Debug|Any CPU
		{263085C2-3B90-4A4D-8F54-1F4641EA4641}.Debug|Any CPU.Build.0 = Debug|Any CPU
		{263085C2-3B90-4A4D-8F54-1F4641EA4641}.Release|Any CPU.ActiveCfg = Release|Any CPU
		{263085C2-3B90-4A4D-8F54-1F4641EA4641}.Release|Any CPU.Build.0 = Release|Any CPU
		{D52A8906-D151-43E7-8011-63A868E48794}.Debug|Any CPU.ActiveCfg = Debug|Any CPU
		{D52A8906-D151-43E7-8011-63A868E48794}.Debug|Any CPU.Build.0 = Debug|Any CPU
		{D52A8906-D151-43E7-8011-63A868E48794}.Release|Any CPU.ActiveCfg = Release|Any CPU
		{D52A8906-D151-43E7-8011-63A868E48794}.Release|Any CPU.Build.0 = Release|Any CPU
	EndGlobalSection
	GlobalSection(SolutionProperties) = preSolution
		HideSolutionNode = FALSE
	EndGlobalSection
EndGlobal
